// !$*UTF8*$!
{
	archiveVersion = 1;
	classes = {
	};
	objectVersion = 56;
	objects = {

/* Begin PBXBuildFile section */
		0788640729C0A8F600DA9E6A /* SignUpViewController.swift in Sources */ = {isa = PBXBuildFile; fileRef = 0788640629C0A8F600DA9E6A /* SignUpViewController.swift */; };
		0788640929C0AFA100DA9E6A /* VerificationViewController.swift in Sources */ = {isa = PBXBuildFile; fileRef = 0788640829C0AFA100DA9E6A /* VerificationViewController.swift */; };
		0788641129C1719500DA9E6A /* CHIOTPField in Frameworks */ = {isa = PBXBuildFile; productRef = 0788641029C1719500DA9E6A /* CHIOTPField */; };
		0788641329C179C500DA9E6A /* CreateAccountViewController.swift in Sources */ = {isa = PBXBuildFile; fileRef = 0788641229C179C500DA9E6A /* CreateAccountViewController.swift */; };
		0788641729C1E69100DA9E6A /* CongratulationsViewController.swift in Sources */ = {isa = PBXBuildFile; fileRef = 0788641629C1E69100DA9E6A /* CongratulationsViewController.swift */; };
		8A0D211729BB6D890045C456 /* CombineMoya in Frameworks */ = {isa = PBXBuildFile; productRef = 8A0D211629BB6D890045C456 /* CombineMoya */; };
		8A0D211929BB6D890045C456 /* Moya in Frameworks */ = {isa = PBXBuildFile; productRef = 8A0D211829BB6D890045C456 /* Moya */; };
		8A0D211B29BB6D890045C456 /* ReactiveMoya in Frameworks */ = {isa = PBXBuildFile; productRef = 8A0D211A29BB6D890045C456 /* ReactiveMoya */; };
		8A0D211D29BB6D890045C456 /* RxMoya in Frameworks */ = {isa = PBXBuildFile; productRef = 8A0D211C29BB6D890045C456 /* RxMoya */; };
		8A0D212029BB6DBB0045C456 /* SnapKit in Frameworks */ = {isa = PBXBuildFile; productRef = 8A0D211F29BB6DBB0045C456 /* SnapKit */; };
		8A0D213029BB72520045C456 /* HomeViewController.swift in Sources */ = {isa = PBXBuildFile; fileRef = 8A0D212729BB72520045C456 /* HomeViewController.swift */; };
		8A0D213129BB72520045C456 /* InfoPageViewController.swift in Sources */ = {isa = PBXBuildFile; fileRef = 8A0D212929BB72520045C456 /* InfoPageViewController.swift */; };
		8A0D213229BB72520045C456 /* MyPageViewController.swift in Sources */ = {isa = PBXBuildFile; fileRef = 8A0D212B29BB72520045C456 /* MyPageViewController.swift */; };
		8A0D213329BB72520045C456 /* TimetableViewController.swift in Sources */ = {isa = PBXBuildFile; fileRef = 8A0D212D29BB72520045C456 /* TimetableViewController.swift */; };
		8A0D213429BB72520045C456 /* LoginViewController.swift in Sources */ = {isa = PBXBuildFile; fileRef = 8A0D212F29BB72520045C456 /* LoginViewController.swift */; };
		8A0D213729BB725F0045C456 /* GenericResponse.swift in Sources */ = {isa = PBXBuildFile; fileRef = 8A0D213529BB725F0045C456 /* GenericResponse.swift */; };
		8A0D213829BB725F0045C456 /* NetworkResult.swift in Sources */ = {isa = PBXBuildFile; fileRef = 8A0D213629BB725F0045C456 /* NetworkResult.swift */; };
		8A0D213E29BB72B00045C456 /* Constant.swift in Sources */ = {isa = PBXBuildFile; fileRef = 8A0D213C29BB72B00045C456 /* Constant.swift */; };
		8A0D213F29BB72B00045C456 /* UIViewController+Extension.swift in Sources */ = {isa = PBXBuildFile; fileRef = 8A0D213D29BB72B00045C456 /* UIViewController+Extension.swift */; };
		8A6EA58B29CF1AE3009C3391 /* DetailCoursePopUpViewController.swift in Sources */ = {isa = PBXBuildFile; fileRef = 8A6EA58A29CF1AE3009C3391 /* DetailCoursePopUpViewController.swift */; };
		8A8081C629D077F300CE375D /* Urbanist-Regular.ttf in Resources */ = {isa = PBXBuildFile; fileRef = 8A8081B429D077F300CE375D /* Urbanist-Regular.ttf */; };
		8A8081C729D077F300CE375D /* Urbanist-ExtraBold.ttf in Resources */ = {isa = PBXBuildFile; fileRef = 8A8081B529D077F300CE375D /* Urbanist-ExtraBold.ttf */; };
		8A8081C829D077F300CE375D /* Urbanist-ExtraBoldItalic.ttf in Resources */ = {isa = PBXBuildFile; fileRef = 8A8081B629D077F300CE375D /* Urbanist-ExtraBoldItalic.ttf */; };
		8A8081C929D077F300CE375D /* Urbanist-Medium.ttf in Resources */ = {isa = PBXBuildFile; fileRef = 8A8081B729D077F300CE375D /* Urbanist-Medium.ttf */; };
		8A8081CA29D077F300CE375D /* Urbanist-BoldItalic.ttf in Resources */ = {isa = PBXBuildFile; fileRef = 8A8081B829D077F300CE375D /* Urbanist-BoldItalic.ttf */; };
		8A8081CB29D077F300CE375D /* Urbanist-Light.ttf in Resources */ = {isa = PBXBuildFile; fileRef = 8A8081B929D077F300CE375D /* Urbanist-Light.ttf */; };
		8A8081CC29D077F300CE375D /* Urbanist-Black.ttf in Resources */ = {isa = PBXBuildFile; fileRef = 8A8081BA29D077F300CE375D /* Urbanist-Black.ttf */; };
		8A8081CD29D077F300CE375D /* Urbanist-SemiBoldItalic.ttf in Resources */ = {isa = PBXBuildFile; fileRef = 8A8081BB29D077F300CE375D /* Urbanist-SemiBoldItalic.ttf */; };
		8A8081CE29D077F300CE375D /* Urbanist-Thin.ttf in Resources */ = {isa = PBXBuildFile; fileRef = 8A8081BC29D077F300CE375D /* Urbanist-Thin.ttf */; };
		8A8081CF29D077F300CE375D /* Urbanist-Bold.ttf in Resources */ = {isa = PBXBuildFile; fileRef = 8A8081BD29D077F300CE375D /* Urbanist-Bold.ttf */; };
		8A8081D029D077F300CE375D /* Urbanist-ThinItalic.ttf in Resources */ = {isa = PBXBuildFile; fileRef = 8A8081BE29D077F300CE375D /* Urbanist-ThinItalic.ttf */; };
		8A8081D129D077F300CE375D /* Urbanist-LightItalic.ttf in Resources */ = {isa = PBXBuildFile; fileRef = 8A8081BF29D077F300CE375D /* Urbanist-LightItalic.ttf */; };
		8A8081D229D077F300CE375D /* Urbanist-Italic.ttf in Resources */ = {isa = PBXBuildFile; fileRef = 8A8081C029D077F300CE375D /* Urbanist-Italic.ttf */; };
		8A8081D329D077F300CE375D /* Urbanist-BlackItalic.ttf in Resources */ = {isa = PBXBuildFile; fileRef = 8A8081C129D077F300CE375D /* Urbanist-BlackItalic.ttf */; };
		8A8081D429D077F300CE375D /* Urbanist-ExtraLightItalic.ttf in Resources */ = {isa = PBXBuildFile; fileRef = 8A8081C229D077F300CE375D /* Urbanist-ExtraLightItalic.ttf */; };
		8A8081D529D077F300CE375D /* Urbanist-ExtraLight.ttf in Resources */ = {isa = PBXBuildFile; fileRef = 8A8081C329D077F300CE375D /* Urbanist-ExtraLight.ttf */; };
		8A8081D629D077F300CE375D /* Urbanist-MediumItalic.ttf in Resources */ = {isa = PBXBuildFile; fileRef = 8A8081C429D077F300CE375D /* Urbanist-MediumItalic.ttf */; };
		8A8081D729D077F300CE375D /* Urbanist-SemiBold.ttf in Resources */ = {isa = PBXBuildFile; fileRef = 8A8081C529D077F300CE375D /* Urbanist-SemiBold.ttf */; };
		8AA2644329BDD31100AA890D /* TabBarController.swift in Sources */ = {isa = PBXBuildFile; fileRef = 8AA2644229BDD31100AA890D /* TabBarController.swift */; };
		8ADFDAD029BB421E006824B8 /* AppDelegate.swift in Sources */ = {isa = PBXBuildFile; fileRef = 8ADFDACF29BB421E006824B8 /* AppDelegate.swift */; };
		8ADFDAD229BB421E006824B8 /* SceneDelegate.swift in Sources */ = {isa = PBXBuildFile; fileRef = 8ADFDAD129BB421E006824B8 /* SceneDelegate.swift */; };
		8ADFDAD429BB421E006824B8 /* ViewController.swift in Sources */ = {isa = PBXBuildFile; fileRef = 8ADFDAD329BB421E006824B8 /* ViewController.swift */; };
		8ADFDAD929BB421F006824B8 /* Assets.xcassets in Resources */ = {isa = PBXBuildFile; fileRef = 8ADFDAD829BB421F006824B8 /* Assets.xcassets */; };
		8ADFDADC29BB421F006824B8 /* LaunchScreen.storyboard in Resources */ = {isa = PBXBuildFile; fileRef = 8ADFDADA29BB421F006824B8 /* LaunchScreen.storyboard */; };
		8ADFDAE429BB448E006824B8 /* .gitignore in Resources */ = {isa = PBXBuildFile; fileRef = 8ADFDAE329BB448E006824B8 /* .gitignore */; };
		8ADFDAE729BB452D006824B8 /* Then in Frameworks */ = {isa = PBXBuildFile; productRef = 8ADFDAE629BB452D006824B8 /* Then */; };
		8ADFDAF629BB6A5C006824B8 /* .swiftlint.yml in Resources */ = {isa = PBXBuildFile; fileRef = 8ADFDAF529BB6A5C006824B8 /* .swiftlint.yml */; };
		8AE456C929CF1930008E63FD /* TimetableView.swift in Sources */ = {isa = PBXBuildFile; fileRef = 8AE456C829CF1930008E63FD /* TimetableView.swift */; };
		8AE456CB29CF1955008E63FD /* TimetableTableViewCell.swift in Sources */ = {isa = PBXBuildFile; fileRef = 8AE456CA29CF1955008E63FD /* TimetableTableViewCell.swift */; };
/* End PBXBuildFile section */

/* Begin PBXFileReference section */
		0788640629C0A8F600DA9E6A /* SignUpViewController.swift */ = {isa = PBXFileReference; lastKnownFileType = sourcecode.swift; path = SignUpViewController.swift; sourceTree = "<group>"; };
		0788640829C0AFA100DA9E6A /* VerificationViewController.swift */ = {isa = PBXFileReference; lastKnownFileType = sourcecode.swift; path = VerificationViewController.swift; sourceTree = "<group>"; };
		0788641229C179C500DA9E6A /* CreateAccountViewController.swift */ = {isa = PBXFileReference; lastKnownFileType = sourcecode.swift; path = CreateAccountViewController.swift; sourceTree = "<group>"; };
		0788641629C1E69100DA9E6A /* CongratulationsViewController.swift */ = {isa = PBXFileReference; lastKnownFileType = sourcecode.swift; path = CongratulationsViewController.swift; sourceTree = "<group>"; };
		8A0D212729BB72520045C456 /* HomeViewController.swift */ = {isa = PBXFileReference; fileEncoding = 4; lastKnownFileType = sourcecode.swift; path = HomeViewController.swift; sourceTree = "<group>"; };
		8A0D212929BB72520045C456 /* InfoPageViewController.swift */ = {isa = PBXFileReference; fileEncoding = 4; lastKnownFileType = sourcecode.swift; path = InfoPageViewController.swift; sourceTree = "<group>"; };
		8A0D212B29BB72520045C456 /* MyPageViewController.swift */ = {isa = PBXFileReference; fileEncoding = 4; lastKnownFileType = sourcecode.swift; path = MyPageViewController.swift; sourceTree = "<group>"; };
		8A0D212D29BB72520045C456 /* TimetableViewController.swift */ = {isa = PBXFileReference; fileEncoding = 4; lastKnownFileType = sourcecode.swift; path = TimetableViewController.swift; sourceTree = "<group>"; };
		8A0D212F29BB72520045C456 /* LoginViewController.swift */ = {isa = PBXFileReference; fileEncoding = 4; lastKnownFileType = sourcecode.swift; path = LoginViewController.swift; sourceTree = "<group>"; };
		8A0D213529BB725F0045C456 /* GenericResponse.swift */ = {isa = PBXFileReference; fileEncoding = 4; lastKnownFileType = sourcecode.swift; path = GenericResponse.swift; sourceTree = "<group>"; };
		8A0D213629BB725F0045C456 /* NetworkResult.swift */ = {isa = PBXFileReference; fileEncoding = 4; lastKnownFileType = sourcecode.swift; path = NetworkResult.swift; sourceTree = "<group>"; };
		8A0D213C29BB72B00045C456 /* Constant.swift */ = {isa = PBXFileReference; fileEncoding = 4; lastKnownFileType = sourcecode.swift; path = Constant.swift; sourceTree = "<group>"; };
		8A0D213D29BB72B00045C456 /* UIViewController+Extension.swift */ = {isa = PBXFileReference; fileEncoding = 4; lastKnownFileType = sourcecode.swift; path = "UIViewController+Extension.swift"; sourceTree = "<group>"; };
		8A6EA58A29CF1AE3009C3391 /* DetailCoursePopUpViewController.swift */ = {isa = PBXFileReference; lastKnownFileType = sourcecode.swift; path = DetailCoursePopUpViewController.swift; sourceTree = "<group>"; };
		8A8081B429D077F300CE375D /* Urbanist-Regular.ttf */ = {isa = PBXFileReference; lastKnownFileType = file; path = "Urbanist-Regular.ttf"; sourceTree = "<group>"; };
		8A8081B529D077F300CE375D /* Urbanist-ExtraBold.ttf */ = {isa = PBXFileReference; lastKnownFileType = file; path = "Urbanist-ExtraBold.ttf"; sourceTree = "<group>"; };
		8A8081B629D077F300CE375D /* Urbanist-ExtraBoldItalic.ttf */ = {isa = PBXFileReference; lastKnownFileType = file; path = "Urbanist-ExtraBoldItalic.ttf"; sourceTree = "<group>"; };
		8A8081B729D077F300CE375D /* Urbanist-Medium.ttf */ = {isa = PBXFileReference; lastKnownFileType = file; path = "Urbanist-Medium.ttf"; sourceTree = "<group>"; };
		8A8081B829D077F300CE375D /* Urbanist-BoldItalic.ttf */ = {isa = PBXFileReference; lastKnownFileType = file; path = "Urbanist-BoldItalic.ttf"; sourceTree = "<group>"; };
		8A8081B929D077F300CE375D /* Urbanist-Light.ttf */ = {isa = PBXFileReference; lastKnownFileType = file; path = "Urbanist-Light.ttf"; sourceTree = "<group>"; };
		8A8081BA29D077F300CE375D /* Urbanist-Black.ttf */ = {isa = PBXFileReference; lastKnownFileType = file; path = "Urbanist-Black.ttf"; sourceTree = "<group>"; };
		8A8081BB29D077F300CE375D /* Urbanist-SemiBoldItalic.ttf */ = {isa = PBXFileReference; lastKnownFileType = file; path = "Urbanist-SemiBoldItalic.ttf"; sourceTree = "<group>"; };
		8A8081BC29D077F300CE375D /* Urbanist-Thin.ttf */ = {isa = PBXFileReference; lastKnownFileType = file; path = "Urbanist-Thin.ttf"; sourceTree = "<group>"; };
		8A8081BD29D077F300CE375D /* Urbanist-Bold.ttf */ = {isa = PBXFileReference; lastKnownFileType = file; path = "Urbanist-Bold.ttf"; sourceTree = "<group>"; };
		8A8081BE29D077F300CE375D /* Urbanist-ThinItalic.ttf */ = {isa = PBXFileReference; lastKnownFileType = file; path = "Urbanist-ThinItalic.ttf"; sourceTree = "<group>"; };
		8A8081BF29D077F300CE375D /* Urbanist-LightItalic.ttf */ = {isa = PBXFileReference; lastKnownFileType = file; path = "Urbanist-LightItalic.ttf"; sourceTree = "<group>"; };
		8A8081C029D077F300CE375D /* Urbanist-Italic.ttf */ = {isa = PBXFileReference; lastKnownFileType = file; path = "Urbanist-Italic.ttf"; sourceTree = "<group>"; };
		8A8081C129D077F300CE375D /* Urbanist-BlackItalic.ttf */ = {isa = PBXFileReference; lastKnownFileType = file; path = "Urbanist-BlackItalic.ttf"; sourceTree = "<group>"; };
		8A8081C229D077F300CE375D /* Urbanist-ExtraLightItalic.ttf */ = {isa = PBXFileReference; lastKnownFileType = file; path = "Urbanist-ExtraLightItalic.ttf"; sourceTree = "<group>"; };
		8A8081C329D077F300CE375D /* Urbanist-ExtraLight.ttf */ = {isa = PBXFileReference; lastKnownFileType = file; path = "Urbanist-ExtraLight.ttf"; sourceTree = "<group>"; };
		8A8081C429D077F300CE375D /* Urbanist-MediumItalic.ttf */ = {isa = PBXFileReference; lastKnownFileType = file; path = "Urbanist-MediumItalic.ttf"; sourceTree = "<group>"; };
		8A8081C529D077F300CE375D /* Urbanist-SemiBold.ttf */ = {isa = PBXFileReference; lastKnownFileType = file; path = "Urbanist-SemiBold.ttf"; sourceTree = "<group>"; };
		8AA2644229BDD31100AA890D /* TabBarController.swift */ = {isa = PBXFileReference; lastKnownFileType = sourcecode.swift; path = TabBarController.swift; sourceTree = "<group>"; };
		8ADFDACC29BB421E006824B8 /* uniA-ios-app.app */ = {isa = PBXFileReference; explicitFileType = wrapper.application; includeInIndex = 0; path = "uniA-ios-app.app"; sourceTree = BUILT_PRODUCTS_DIR; };
		8ADFDACF29BB421E006824B8 /* AppDelegate.swift */ = {isa = PBXFileReference; lastKnownFileType = sourcecode.swift; path = AppDelegate.swift; sourceTree = "<group>"; };
		8ADFDAD129BB421E006824B8 /* SceneDelegate.swift */ = {isa = PBXFileReference; lastKnownFileType = sourcecode.swift; path = SceneDelegate.swift; sourceTree = "<group>"; };
		8ADFDAD329BB421E006824B8 /* ViewController.swift */ = {isa = PBXFileReference; lastKnownFileType = sourcecode.swift; path = ViewController.swift; sourceTree = "<group>"; };
		8ADFDAD829BB421F006824B8 /* Assets.xcassets */ = {isa = PBXFileReference; lastKnownFileType = folder.assetcatalog; path = Assets.xcassets; sourceTree = "<group>"; };
		8ADFDADB29BB421F006824B8 /* Base */ = {isa = PBXFileReference; lastKnownFileType = file.storyboard; name = Base; path = Base.lproj/LaunchScreen.storyboard; sourceTree = "<group>"; };
		8ADFDADD29BB421F006824B8 /* Info.plist */ = {isa = PBXFileReference; lastKnownFileType = text.plist.xml; path = Info.plist; sourceTree = "<group>"; };
		8ADFDAE329BB448E006824B8 /* .gitignore */ = {isa = PBXFileReference; lastKnownFileType = text; path = .gitignore; sourceTree = "<group>"; };
		8ADFDAF529BB6A5C006824B8 /* .swiftlint.yml */ = {isa = PBXFileReference; lastKnownFileType = text.yaml; path = .swiftlint.yml; sourceTree = "<group>"; };
		8AE456C829CF1930008E63FD /* TimetableView.swift */ = {isa = PBXFileReference; lastKnownFileType = sourcecode.swift; path = TimetableView.swift; sourceTree = "<group>"; };
		8AE456CA29CF1955008E63FD /* TimetableTableViewCell.swift */ = {isa = PBXFileReference; lastKnownFileType = sourcecode.swift; path = TimetableTableViewCell.swift; sourceTree = "<group>"; };
/* End PBXFileReference section */

/* Begin PBXFrameworksBuildPhase section */
		8ADFDAC929BB421E006824B8 /* Frameworks */ = {
			isa = PBXFrameworksBuildPhase;
			buildActionMask = 2147483647;
			files = (
				8A0D211D29BB6D890045C456 /* RxMoya in Frameworks */,
				8A0D211729BB6D890045C456 /* CombineMoya in Frameworks */,
				8A0D211B29BB6D890045C456 /* ReactiveMoya in Frameworks */,
				8A0D212029BB6DBB0045C456 /* SnapKit in Frameworks */,
				8ADFDAE729BB452D006824B8 /* Then in Frameworks */,
				0788641129C1719500DA9E6A /* CHIOTPField in Frameworks */,
				8A0D211929BB6D890045C456 /* Moya in Frameworks */,
			);
			runOnlyForDeploymentPostprocessing = 0;
		};
/* End PBXFrameworksBuildPhase section */

/* Begin PBXGroup section */
		8A0D212129BB71E90045C456 /* Resources */ = {
			isa = PBXGroup;
			children = (
				8A0D213B29BB72B00045C456 /* Extensions */,
				8A0D213A29BB72860045C456 /* Assets */,
				8A0D213929BB727F0045C456 /* Fonts */,
			);
			path = Resources;
			sourceTree = "<group>";
		};
		8A0D212229BB71FF0045C456 /* Sources */ = {
			isa = PBXGroup;
			children = (
				8ADFDACF29BB421E006824B8 /* AppDelegate.swift */,
				8ADFDAD129BB421E006824B8 /* SceneDelegate.swift */,
				8A0D212529BB72250045C456 /* Views */,
				8A0D212429BB72200045C456 /* Models */,
				8A0D212329BB720E0045C456 /* ViewControllers */,
			);
			path = Sources;
			sourceTree = "<group>";
		};
		8A0D212329BB720E0045C456 /* ViewControllers */ = {
			isa = PBXGroup;
			children = (
				8A0D212629BB72520045C456 /* HomeView */,
				8A0D212829BB72520045C456 /* InfoPageView */,
				8A0D212E29BB72520045C456 /* LoginView */,
				8A0D212A29BB72520045C456 /* MyPageView */,
				8A0D212C29BB72520045C456 /* TimetableView */,
				8ADFDAD329BB421E006824B8 /* ViewController.swift */,
				8AA2644229BDD31100AA890D /* TabBarController.swift */,
			);
			path = ViewControllers;
			sourceTree = "<group>";
		};
		8A0D212429BB72200045C456 /* Models */ = {
			isa = PBXGroup;
			children = (
				8A0D213529BB725F0045C456 /* GenericResponse.swift */,
				8A0D213629BB725F0045C456 /* NetworkResult.swift */,
			);
			path = Models;
			sourceTree = "<group>";
		};
		8A0D212529BB72250045C456 /* Views */ = {
			isa = PBXGroup;
			children = (
			);
			path = Views;
			sourceTree = "<group>";
		};
		8A0D212629BB72520045C456 /* HomeView */ = {
			isa = PBXGroup;
			children = (
				8A0D212729BB72520045C456 /* HomeViewController.swift */,
			);
			path = HomeView;
			sourceTree = "<group>";
		};
		8A0D212829BB72520045C456 /* InfoPageView */ = {
			isa = PBXGroup;
			children = (
				8A0D212929BB72520045C456 /* InfoPageViewController.swift */,
			);
			path = InfoPageView;
			sourceTree = "<group>";
		};
		8A0D212A29BB72520045C456 /* MyPageView */ = {
			isa = PBXGroup;
			children = (
				8A0D212B29BB72520045C456 /* MyPageViewController.swift */,
			);
			path = MyPageView;
			sourceTree = "<group>";
		};
		8A0D212C29BB72520045C456 /* TimetableView */ = {
			isa = PBXGroup;
			children = (
				8A0D212D29BB72520045C456 /* TimetableViewController.swift */,
				8AE456C829CF1930008E63FD /* TimetableView.swift */,
				8AE456CA29CF1955008E63FD /* TimetableTableViewCell.swift */,
				8A6EA58A29CF1AE3009C3391 /* DetailCoursePopUpViewController.swift */,
			);
			path = TimetableView;
			sourceTree = "<group>";
		};
		8A0D212E29BB72520045C456 /* LoginView */ = {
			isa = PBXGroup;
			children = (
				8A0D212F29BB72520045C456 /* LoginViewController.swift */,
				0788640629C0A8F600DA9E6A /* SignUpViewController.swift */,
				0788640829C0AFA100DA9E6A /* VerificationViewController.swift */,
				0788641229C179C500DA9E6A /* CreateAccountViewController.swift */,
				0788641629C1E69100DA9E6A /* CongratulationsViewController.swift */,
			);
			path = LoginView;
			sourceTree = "<group>";
		};
		8A0D213929BB727F0045C456 /* Fonts */ = {
			isa = PBXGroup;
			children = (
				8A8081B329D077DF00CE375D /* Urbanist */,
			);
			path = Fonts;
			sourceTree = "<group>";
		};
		8A0D213A29BB72860045C456 /* Assets */ = {
			isa = PBXGroup;
			children = (
				8ADFDAD829BB421F006824B8 /* Assets.xcassets */,
			);
			path = Assets;
			sourceTree = "<group>";
		};
		8A0D213B29BB72B00045C456 /* Extensions */ = {
			isa = PBXGroup;
			children = (
				8A0D213C29BB72B00045C456 /* Constant.swift */,
				8A0D213D29BB72B00045C456 /* UIViewController+Extension.swift */,
			);
			path = Extensions;
			sourceTree = "<group>";
		};
		8A8081B329D077DF00CE375D /* Urbanist */ = {
			isa = PBXGroup;
			children = (
				8A8081BA29D077F300CE375D /* Urbanist-Black.ttf */,
				8A8081C129D077F300CE375D /* Urbanist-BlackItalic.ttf */,
				8A8081BD29D077F300CE375D /* Urbanist-Bold.ttf */,
				8A8081B829D077F300CE375D /* Urbanist-BoldItalic.ttf */,
				8A8081B529D077F300CE375D /* Urbanist-ExtraBold.ttf */,
				8A8081B629D077F300CE375D /* Urbanist-ExtraBoldItalic.ttf */,
				8A8081C329D077F300CE375D /* Urbanist-ExtraLight.ttf */,
				8A8081C229D077F300CE375D /* Urbanist-ExtraLightItalic.ttf */,
				8A8081C029D077F300CE375D /* Urbanist-Italic.ttf */,
				8A8081B929D077F300CE375D /* Urbanist-Light.ttf */,
				8A8081BF29D077F300CE375D /* Urbanist-LightItalic.ttf */,
				8A8081B729D077F300CE375D /* Urbanist-Medium.ttf */,
				8A8081C429D077F300CE375D /* Urbanist-MediumItalic.ttf */,
				8A8081B429D077F300CE375D /* Urbanist-Regular.ttf */,
				8A8081C529D077F300CE375D /* Urbanist-SemiBold.ttf */,
				8A8081BB29D077F300CE375D /* Urbanist-SemiBoldItalic.ttf */,
				8A8081BC29D077F300CE375D /* Urbanist-Thin.ttf */,
				8A8081BE29D077F300CE375D /* Urbanist-ThinItalic.ttf */,
			);
			name = Urbanist;
			path = "uniA-ios-app/Resources/Fonts/Urbanist";
			sourceTree = "<group>";
		};
		8ADFDAC329BB421E006824B8 = {
			isa = PBXGroup;
			children = (
				8ADFDAF529BB6A5C006824B8 /* .swiftlint.yml */,
				8ADFDAE329BB448E006824B8 /* .gitignore */,
				8ADFDACE29BB421E006824B8 /* uniA-ios-app */,
				8ADFDACD29BB421E006824B8 /* Products */,
			);
			sourceTree = "<group>";
		};
		8ADFDACD29BB421E006824B8 /* Products */ = {
			isa = PBXGroup;
			children = (
				8ADFDACC29BB421E006824B8 /* uniA-ios-app.app */,
			);
			name = Products;
			sourceTree = "<group>";
		};
		8ADFDACE29BB421E006824B8 /* uniA-ios-app */ = {
			isa = PBXGroup;
			children = (
				8A0D212229BB71FF0045C456 /* Sources */,
				8A0D212129BB71E90045C456 /* Resources */,
				8ADFDADA29BB421F006824B8 /* LaunchScreen.storyboard */,
				8ADFDADD29BB421F006824B8 /* Info.plist */,
			);
			path = "uniA-ios-app";
			sourceTree = "<group>";
		};
/* End PBXGroup section */

/* Begin PBXNativeTarget section */
		8ADFDACB29BB421E006824B8 /* uniA-ios-app */ = {
			isa = PBXNativeTarget;
			buildConfigurationList = 8ADFDAE029BB421F006824B8 /* Build configuration list for PBXNativeTarget "uniA-ios-app" */;
			buildPhases = (
				8ADFDAC829BB421E006824B8 /* Sources */,
				8ADFDAC929BB421E006824B8 /* Frameworks */,
				8ADFDACA29BB421E006824B8 /* Resources */,
				8ADFDAF429BB6A1A006824B8 /* ShellScript */,
			);
			buildRules = (
			);
			dependencies = (
			);
			name = "uniA-ios-app";
			packageProductDependencies = (
				8ADFDAE629BB452D006824B8 /* Then */,
				8A0D211629BB6D890045C456 /* CombineMoya */,
				8A0D211829BB6D890045C456 /* Moya */,
				8A0D211A29BB6D890045C456 /* ReactiveMoya */,
				8A0D211C29BB6D890045C456 /* RxMoya */,
				8A0D211F29BB6DBB0045C456 /* SnapKit */,
				0788641029C1719500DA9E6A /* CHIOTPField */,
			);
			productName = "uniA-ios-app";
			productReference = 8ADFDACC29BB421E006824B8 /* uniA-ios-app.app */;
			productType = "com.apple.product-type.application";
		};
/* End PBXNativeTarget section */

/* Begin PBXProject section */
		8ADFDAC429BB421E006824B8 /* Project object */ = {
			isa = PBXProject;
			attributes = {
				BuildIndependentTargetsInParallel = 1;
				LastSwiftUpdateCheck = 1420;
				LastUpgradeCheck = 1420;
				TargetAttributes = {
					8ADFDACB29BB421E006824B8 = {
						CreatedOnToolsVersion = 14.2;
					};
				};
			};
			buildConfigurationList = 8ADFDAC729BB421E006824B8 /* Build configuration list for PBXProject "uniA-ios-app" */;
			compatibilityVersion = "Xcode 14.0";
			developmentRegion = en;
			hasScannedForEncodings = 0;
			knownRegions = (
				en,
				Base,
			);
			mainGroup = 8ADFDAC329BB421E006824B8;
			packageReferences = (
				8ADFDAE529BB452D006824B8 /* XCRemoteSwiftPackageReference "Then" */,
				8A0D211529BB6D890045C456 /* XCRemoteSwiftPackageReference "Moya" */,
				8A0D211E29BB6DBB0045C456 /* XCRemoteSwiftPackageReference "SnapKit" */,
				0788640F29C1719500DA9E6A /* XCRemoteSwiftPackageReference "CHIOTPField" */,
			);
			productRefGroup = 8ADFDACD29BB421E006824B8 /* Products */;
			projectDirPath = "";
			projectRoot = "";
			targets = (
				8ADFDACB29BB421E006824B8 /* uniA-ios-app */,
			);
		};
/* End PBXProject section */

/* Begin PBXResourcesBuildPhase section */
		8ADFDACA29BB421E006824B8 /* Resources */ = {
			isa = PBXResourcesBuildPhase;
			buildActionMask = 2147483647;
			files = (
				8A8081D329D077F300CE375D /* Urbanist-BlackItalic.ttf in Resources */,
				8A8081D729D077F300CE375D /* Urbanist-SemiBold.ttf in Resources */,
				8ADFDAF629BB6A5C006824B8 /* .swiftlint.yml in Resources */,
				8A8081CD29D077F300CE375D /* Urbanist-SemiBoldItalic.ttf in Resources */,
				8ADFDAE429BB448E006824B8 /* .gitignore in Resources */,
				8A8081C729D077F300CE375D /* Urbanist-ExtraBold.ttf in Resources */,
				8A8081CB29D077F300CE375D /* Urbanist-Light.ttf in Resources */,
				8A8081D429D077F300CE375D /* Urbanist-ExtraLightItalic.ttf in Resources */,
				8A8081CE29D077F300CE375D /* Urbanist-Thin.ttf in Resources */,
				8A8081CA29D077F300CE375D /* Urbanist-BoldItalic.ttf in Resources */,
				8A8081D129D077F300CE375D /* Urbanist-LightItalic.ttf in Resources */,
				8ADFDADC29BB421F006824B8 /* LaunchScreen.storyboard in Resources */,
				8A8081D629D077F300CE375D /* Urbanist-MediumItalic.ttf in Resources */,
				8A8081D229D077F300CE375D /* Urbanist-Italic.ttf in Resources */,
				8ADFDAD929BB421F006824B8 /* Assets.xcassets in Resources */,
				8A8081C929D077F300CE375D /* Urbanist-Medium.ttf in Resources */,
				8A8081C829D077F300CE375D /* Urbanist-ExtraBoldItalic.ttf in Resources */,
				8A8081CF29D077F300CE375D /* Urbanist-Bold.ttf in Resources */,
				8A8081D529D077F300CE375D /* Urbanist-ExtraLight.ttf in Resources */,
				8A8081CC29D077F300CE375D /* Urbanist-Black.ttf in Resources */,
				8A8081D029D077F300CE375D /* Urbanist-ThinItalic.ttf in Resources */,
				8A8081C629D077F300CE375D /* Urbanist-Regular.ttf in Resources */,
			);
			runOnlyForDeploymentPostprocessing = 0;
		};
/* End PBXResourcesBuildPhase section */

/* Begin PBXShellScriptBuildPhase section */
		8ADFDAF429BB6A1A006824B8 /* ShellScript */ = {
			isa = PBXShellScriptBuildPhase;
			buildActionMask = 2147483647;
			files = (
			);
			inputFileListPaths = (
			);
			inputPaths = (
			);
			outputFileListPaths = (
			);
			outputPaths = (
			);
			runOnlyForDeploymentPostprocessing = 0;
			shellPath = /bin/sh;
			shellScript = "if test -d \"/opt/homebrew/bin/\"; then\n  PATH=\"/opt/homebrew/bin/:${PATH}\"\nfi\n\nexport PATH\n\nif which swiftlint >/dev/null; then\n  swiftlint\nelse\n  echo \"warning: SwiftLint not installed, download from https://github.com/realm/SwiftLint\"\nfi\n";
		};
/* End PBXShellScriptBuildPhase section */

/* Begin PBXSourcesBuildPhase section */
		8ADFDAC829BB421E006824B8 /* Sources */ = {
			isa = PBXSourcesBuildPhase;
			buildActionMask = 2147483647;
			files = (
				8AE456CB29CF1955008E63FD /* TimetableTableViewCell.swift in Sources */,
				0788641729C1E69100DA9E6A /* CongratulationsViewController.swift in Sources */,
				8A0D213F29BB72B00045C456 /* UIViewController+Extension.swift in Sources */,
				8AA2644329BDD31100AA890D /* TabBarController.swift in Sources */,
				8A0D213729BB725F0045C456 /* GenericResponse.swift in Sources */,
				8AE456C929CF1930008E63FD /* TimetableView.swift in Sources */,
				8A0D213829BB725F0045C456 /* NetworkResult.swift in Sources */,
				0788641329C179C500DA9E6A /* CreateAccountViewController.swift in Sources */,
				8ADFDAD429BB421E006824B8 /* ViewController.swift in Sources */,
				8A0D213229BB72520045C456 /* MyPageViewController.swift in Sources */,
				8ADFDAD029BB421E006824B8 /* AppDelegate.swift in Sources */,
				8ADFDAD229BB421E006824B8 /* SceneDelegate.swift in Sources */,
				0788640729C0A8F600DA9E6A /* SignUpViewController.swift in Sources */,
				8A0D213429BB72520045C456 /* LoginViewController.swift in Sources */,
				8A0D213129BB72520045C456 /* InfoPageViewController.swift in Sources */,
				8A0D213E29BB72B00045C456 /* Constant.swift in Sources */,
				0788640929C0AFA100DA9E6A /* VerificationViewController.swift in Sources */,
				8A0D213329BB72520045C456 /* TimetableViewController.swift in Sources */,
				8A0D213029BB72520045C456 /* HomeViewController.swift in Sources */,
				8A6EA58B29CF1AE3009C3391 /* DetailCoursePopUpViewController.swift in Sources */,
			);
			runOnlyForDeploymentPostprocessing = 0;
		};
/* End PBXSourcesBuildPhase section */

/* Begin PBXVariantGroup section */
		8ADFDADA29BB421F006824B8 /* LaunchScreen.storyboard */ = {
			isa = PBXVariantGroup;
			children = (
				8ADFDADB29BB421F006824B8 /* Base */,
			);
			name = LaunchScreen.storyboard;
			sourceTree = "<group>";
		};
/* End PBXVariantGroup section */

/* Begin XCBuildConfiguration section */
		8ADFDADE29BB421F006824B8 /* Debug */ = {
			isa = XCBuildConfiguration;
			buildSettings = {
				ALWAYS_SEARCH_USER_PATHS = NO;
				CLANG_ANALYZER_NONNULL = YES;
				CLANG_ANALYZER_NUMBER_OBJECT_CONVERSION = YES_AGGRESSIVE;
				CLANG_CXX_LANGUAGE_STANDARD = "gnu++20";
				CLANG_ENABLE_MODULES = YES;
				CLANG_ENABLE_OBJC_ARC = YES;
				CLANG_ENABLE_OBJC_WEAK = YES;
				CLANG_WARN_BLOCK_CAPTURE_AUTORELEASING = YES;
				CLANG_WARN_BOOL_CONVERSION = YES;
				CLANG_WARN_COMMA = YES;
				CLANG_WARN_CONSTANT_CONVERSION = YES;
				CLANG_WARN_DEPRECATED_OBJC_IMPLEMENTATIONS = YES;
				CLANG_WARN_DIRECT_OBJC_ISA_USAGE = YES_ERROR;
				CLANG_WARN_DOCUMENTATION_COMMENTS = YES;
				CLANG_WARN_EMPTY_BODY = YES;
				CLANG_WARN_ENUM_CONVERSION = YES;
				CLANG_WARN_INFINITE_RECURSION = YES;
				CLANG_WARN_INT_CONVERSION = YES;
				CLANG_WARN_NON_LITERAL_NULL_CONVERSION = YES;
				CLANG_WARN_OBJC_IMPLICIT_RETAIN_SELF = YES;
				CLANG_WARN_OBJC_LITERAL_CONVERSION = YES;
				CLANG_WARN_OBJC_ROOT_CLASS = YES_ERROR;
				CLANG_WARN_QUOTED_INCLUDE_IN_FRAMEWORK_HEADER = YES;
				CLANG_WARN_RANGE_LOOP_ANALYSIS = YES;
				CLANG_WARN_STRICT_PROTOTYPES = YES;
				CLANG_WARN_SUSPICIOUS_MOVE = YES;
				CLANG_WARN_UNGUARDED_AVAILABILITY = YES_AGGRESSIVE;
				CLANG_WARN_UNREACHABLE_CODE = YES;
				CLANG_WARN__DUPLICATE_METHOD_MATCH = YES;
				COPY_PHASE_STRIP = NO;
				DEBUG_INFORMATION_FORMAT = dwarf;
				ENABLE_STRICT_OBJC_MSGSEND = YES;
				ENABLE_TESTABILITY = YES;
				GCC_C_LANGUAGE_STANDARD = gnu11;
				GCC_DYNAMIC_NO_PIC = NO;
				GCC_NO_COMMON_BLOCKS = YES;
				GCC_OPTIMIZATION_LEVEL = 0;
				GCC_PREPROCESSOR_DEFINITIONS = (
					"DEBUG=1",
					"$(inherited)",
				);
				GCC_WARN_64_TO_32_BIT_CONVERSION = YES;
				GCC_WARN_ABOUT_RETURN_TYPE = YES_ERROR;
				GCC_WARN_UNDECLARED_SELECTOR = YES;
				GCC_WARN_UNINITIALIZED_AUTOS = YES_AGGRESSIVE;
				GCC_WARN_UNUSED_FUNCTION = YES;
				GCC_WARN_UNUSED_VARIABLE = YES;
				IPHONEOS_DEPLOYMENT_TARGET = 16.2;
				MTL_ENABLE_DEBUG_INFO = INCLUDE_SOURCE;
				MTL_FAST_MATH = YES;
				ONLY_ACTIVE_ARCH = YES;
				SDKROOT = iphoneos;
				SWIFT_ACTIVE_COMPILATION_CONDITIONS = DEBUG;
				SWIFT_OPTIMIZATION_LEVEL = "-Onone";
			};
			name = Debug;
		};
		8ADFDADF29BB421F006824B8 /* Release */ = {
			isa = XCBuildConfiguration;
			buildSettings = {
				ALWAYS_SEARCH_USER_PATHS = NO;
				CLANG_ANALYZER_NONNULL = YES;
				CLANG_ANALYZER_NUMBER_OBJECT_CONVERSION = YES_AGGRESSIVE;
				CLANG_CXX_LANGUAGE_STANDARD = "gnu++20";
				CLANG_ENABLE_MODULES = YES;
				CLANG_ENABLE_OBJC_ARC = YES;
				CLANG_ENABLE_OBJC_WEAK = YES;
				CLANG_WARN_BLOCK_CAPTURE_AUTORELEASING = YES;
				CLANG_WARN_BOOL_CONVERSION = YES;
				CLANG_WARN_COMMA = YES;
				CLANG_WARN_CONSTANT_CONVERSION = YES;
				CLANG_WARN_DEPRECATED_OBJC_IMPLEMENTATIONS = YES;
				CLANG_WARN_DIRECT_OBJC_ISA_USAGE = YES_ERROR;
				CLANG_WARN_DOCUMENTATION_COMMENTS = YES;
				CLANG_WARN_EMPTY_BODY = YES;
				CLANG_WARN_ENUM_CONVERSION = YES;
				CLANG_WARN_INFINITE_RECURSION = YES;
				CLANG_WARN_INT_CONVERSION = YES;
				CLANG_WARN_NON_LITERAL_NULL_CONVERSION = YES;
				CLANG_WARN_OBJC_IMPLICIT_RETAIN_SELF = YES;
				CLANG_WARN_OBJC_LITERAL_CONVERSION = YES;
				CLANG_WARN_OBJC_ROOT_CLASS = YES_ERROR;
				CLANG_WARN_QUOTED_INCLUDE_IN_FRAMEWORK_HEADER = YES;
				CLANG_WARN_RANGE_LOOP_ANALYSIS = YES;
				CLANG_WARN_STRICT_PROTOTYPES = YES;
				CLANG_WARN_SUSPICIOUS_MOVE = YES;
				CLANG_WARN_UNGUARDED_AVAILABILITY = YES_AGGRESSIVE;
				CLANG_WARN_UNREACHABLE_CODE = YES;
				CLANG_WARN__DUPLICATE_METHOD_MATCH = YES;
				COPY_PHASE_STRIP = NO;
				DEBUG_INFORMATION_FORMAT = "dwarf-with-dsym";
				ENABLE_NS_ASSERTIONS = NO;
				ENABLE_STRICT_OBJC_MSGSEND = YES;
				GCC_C_LANGUAGE_STANDARD = gnu11;
				GCC_NO_COMMON_BLOCKS = YES;
				GCC_WARN_64_TO_32_BIT_CONVERSION = YES;
				GCC_WARN_ABOUT_RETURN_TYPE = YES_ERROR;
				GCC_WARN_UNDECLARED_SELECTOR = YES;
				GCC_WARN_UNINITIALIZED_AUTOS = YES_AGGRESSIVE;
				GCC_WARN_UNUSED_FUNCTION = YES;
				GCC_WARN_UNUSED_VARIABLE = YES;
				IPHONEOS_DEPLOYMENT_TARGET = 16.2;
				MTL_ENABLE_DEBUG_INFO = NO;
				MTL_FAST_MATH = YES;
				SDKROOT = iphoneos;
				SWIFT_COMPILATION_MODE = wholemodule;
				SWIFT_OPTIMIZATION_LEVEL = "-O";
				VALIDATE_PRODUCT = YES;
			};
			name = Release;
		};
		8ADFDAE129BB421F006824B8 /* Debug */ = {
			isa = XCBuildConfiguration;
			buildSettings = {
				ASSETCATALOG_COMPILER_APPICON_NAME = AppIcon;
				ASSETCATALOG_COMPILER_GLOBAL_ACCENT_COLOR_NAME = AccentColor;
				CODE_SIGN_STYLE = Automatic;
				CURRENT_PROJECT_VERSION = 1;
				GENERATE_INFOPLIST_FILE = YES;
				INFOPLIST_FILE = "uniA-ios-app/Info.plist";
				INFOPLIST_KEY_UIApplicationSupportsIndirectInputEvents = YES;
				INFOPLIST_KEY_UILaunchStoryboardName = LaunchScreen;
				INFOPLIST_KEY_UISupportedInterfaceOrientations_iPad = "UIInterfaceOrientationPortrait UIInterfaceOrientationPortraitUpsideDown UIInterfaceOrientationLandscapeLeft UIInterfaceOrientationLandscapeRight";
				INFOPLIST_KEY_UISupportedInterfaceOrientations_iPhone = "UIInterfaceOrientationPortrait UIInterfaceOrientationLandscapeLeft UIInterfaceOrientationLandscapeRight";
				LD_RUNPATH_SEARCH_PATHS = (
					"$(inherited)",
					"@executable_path/Frameworks",
				);
				MARKETING_VERSION = 1.0;
				PRODUCT_BUNDLE_IDENTIFIER = "ajou.uniA-ios-app";
				PRODUCT_NAME = "$(TARGET_NAME)";
				SWIFT_EMIT_LOC_STRINGS = YES;
				SWIFT_VERSION = 5.0;
				TARGETED_DEVICE_FAMILY = "1,2";
			};
			name = Debug;
		};
		8ADFDAE229BB421F006824B8 /* Release */ = {
			isa = XCBuildConfiguration;
			buildSettings = {
				ASSETCATALOG_COMPILER_APPICON_NAME = AppIcon;
				ASSETCATALOG_COMPILER_GLOBAL_ACCENT_COLOR_NAME = AccentColor;
				CODE_SIGN_STYLE = Automatic;
				CURRENT_PROJECT_VERSION = 1;
				GENERATE_INFOPLIST_FILE = YES;
				INFOPLIST_FILE = "uniA-ios-app/Info.plist";
				INFOPLIST_KEY_UIApplicationSupportsIndirectInputEvents = YES;
				INFOPLIST_KEY_UILaunchStoryboardName = LaunchScreen;
				INFOPLIST_KEY_UISupportedInterfaceOrientations_iPad = "UIInterfaceOrientationPortrait UIInterfaceOrientationPortraitUpsideDown UIInterfaceOrientationLandscapeLeft UIInterfaceOrientationLandscapeRight";
				INFOPLIST_KEY_UISupportedInterfaceOrientations_iPhone = "UIInterfaceOrientationPortrait UIInterfaceOrientationLandscapeLeft UIInterfaceOrientationLandscapeRight";
				LD_RUNPATH_SEARCH_PATHS = (
					"$(inherited)",
					"@executable_path/Frameworks",
				);
				MARKETING_VERSION = 1.0;
				PRODUCT_BUNDLE_IDENTIFIER = "ajou.uniA-ios-app";
				PRODUCT_NAME = "$(TARGET_NAME)";
				SWIFT_EMIT_LOC_STRINGS = YES;
				SWIFT_VERSION = 5.0;
				TARGETED_DEVICE_FAMILY = "1,2";
			};
			name = Release;
		};
/* End XCBuildConfiguration section */

/* Begin XCConfigurationList section */
		8ADFDAC729BB421E006824B8 /* Build configuration list for PBXProject "uniA-ios-app" */ = {
			isa = XCConfigurationList;
			buildConfigurations = (
				8ADFDADE29BB421F006824B8 /* Debug */,
				8ADFDADF29BB421F006824B8 /* Release */,
			);
			defaultConfigurationIsVisible = 0;
			defaultConfigurationName = Release;
		};
		8ADFDAE029BB421F006824B8 /* Build configuration list for PBXNativeTarget "uniA-ios-app" */ = {
			isa = XCConfigurationList;
			buildConfigurations = (
				8ADFDAE129BB421F006824B8 /* Debug */,
				8ADFDAE229BB421F006824B8 /* Release */,
			);
			defaultConfigurationIsVisible = 0;
			defaultConfigurationName = Release;
		};
/* End XCConfigurationList section */

/* Begin XCRemoteSwiftPackageReference section */
		0788640F29C1719500DA9E6A /* XCRemoteSwiftPackageReference "CHIOTPField" */ = {
			isa = XCRemoteSwiftPackageReference;
			repositoryURL = "https://github.com/ChiliLabs/CHIOTPField.git";
			requirement = {
				branch = master;
				kind = branch;
			};
		};
		8A0D211529BB6D890045C456 /* XCRemoteSwiftPackageReference "Moya" */ = {
			isa = XCRemoteSwiftPackageReference;
			repositoryURL = "https://github.com/Moya/Moya";
			requirement = {
				branch = master;
				kind = branch;
			};
		};
		8A0D211E29BB6DBB0045C456 /* XCRemoteSwiftPackageReference "SnapKit" */ = {
			isa = XCRemoteSwiftPackageReference;
			repositoryURL = "https://github.com/SnapKit/SnapKit";
			requirement = {
				branch = develop;
				kind = branch;
			};
		};
		8ADFDAE529BB452D006824B8 /* XCRemoteSwiftPackageReference "Then" */ = {
			isa = XCRemoteSwiftPackageReference;
			repositoryURL = "https://github.com/devxoul/Then";
			requirement = {
				branch = master;
				kind = branch;
			};
		};
/* End XCRemoteSwiftPackageReference section */

/* Begin XCSwiftPackageProductDependency section */
		0788641029C1719500DA9E6A /* CHIOTPField */ = {
			isa = XCSwiftPackageProductDependency;
			package = 0788640F29C1719500DA9E6A /* XCRemoteSwiftPackageReference "CHIOTPField" */;
			productName = CHIOTPField;
		};
		8A0D211629BB6D890045C456 /* CombineMoya */ = {
			isa = XCSwiftPackageProductDependency;
			package = 8A0D211529BB6D890045C456 /* XCRemoteSwiftPackageReference "Moya" */;
			productName = CombineMoya;
		};
		8A0D211829BB6D890045C456 /* Moya */ = {
			isa = XCSwiftPackageProductDependency;
			package = 8A0D211529BB6D890045C456 /* XCRemoteSwiftPackageReference "Moya" */;
			productName = Moya;
		};
		8A0D211A29BB6D890045C456 /* ReactiveMoya */ = {
			isa = XCSwiftPackageProductDependency;
			package = 8A0D211529BB6D890045C456 /* XCRemoteSwiftPackageReference "Moya" */;
			productName = ReactiveMoya;
		};
		8A0D211C29BB6D890045C456 /* RxMoya */ = {
			isa = XCSwiftPackageProductDependency;
			package = 8A0D211529BB6D890045C456 /* XCRemoteSwiftPackageReference "Moya" */;
			productName = RxMoya;
		};
		8A0D211F29BB6DBB0045C456 /* SnapKit */ = {
			isa = XCSwiftPackageProductDependency;
			package = 8A0D211E29BB6DBB0045C456 /* XCRemoteSwiftPackageReference "SnapKit" */;
			productName = SnapKit;
		};
		8ADFDAE629BB452D006824B8 /* Then */ = {
			isa = XCSwiftPackageProductDependency;
			package = 8ADFDAE529BB452D006824B8 /* XCRemoteSwiftPackageReference "Then" */;
			productName = Then;
		};
/* End XCSwiftPackageProductDependency section */
	};
	rootObject = 8ADFDAC429BB421E006824B8 /* Project object */;
}
